
Microsoft Visual Studio Solution File, Format Version 12.00
# Visual Studio Version 17
VisualStudioVersion = 17.14.37027.9 d17.14
MinimumVisualStudioVersion = 10.0.40219.1
Project("{FAE04EC0-301F-11D3-BF4B-00C04F79EFBC}") = "lab3", "lab3.csproj", "{BDE4F1A1-8FAD-4ED8-BC37-7F4AD6D7C56B}"
EndProject
Global
	GlobalSection(SolutionConfigurationPlatforms) = preSolution
		Debug|Any CPU = Debug|Any CPU
		Release|Any CPU = Release|Any CPU
	EndGlobalSection
	GlobalSection(ProjectConfigurationPlatforms) = postSolution
		{BDE4F1A1-8FAD-4ED8-BC37-7F4AD6D7C56B}.Debug|Any CPU.ActiveCfg = Debug|Any CPU
		{BDE4F1A1-8FAD-4ED8-BC37-7F4AD6D7C56B}.Debug|Any CPU.Build.0 = Debug|Any CPU
		{BDE4F1A1-8FAD-4ED8-BC37-7F4AD6D7C56B}.Release|Any CPU.ActiveCfg = Release|Any CPU
		{BDE4F1A1-8FAD-4ED8-BC37-7F4AD6D7C56B}.Release|Any CPU.Build.0 = Release|Any CPU
	EndGlobalSection
	GlobalSection(SolutionProperties) = preSolution
		HideSolutionNode = FALSE
	EndGlobalSection
	GlobalSection(ExtensibilityGlobals) = postSolution
		SolutionGuid = {25CC22B6-D805-4313-98CA-1577C5685228}
	EndGlobalSection
EndGlobal
